
Microsoft Visual Studio Solution File, Format Version 12.00
# Visual Studio 14
VisualStudioVersion = 14.0.25420.1
MinimumVisualStudioVersion = 10.0.40219.1
Project("{FAE04EC0-301F-11D3-BF4B-00C04F79EFBC}") = "NG2Sample", "NG2Sample\NG2Sample.csproj", "{F66E8461-FB98-4B27-A5B5-E8B08F0DA3B9}"
EndProject
Global
	GlobalSection(SolutionConfigurationPlatforms) = preSolution
		Debug|Any CPU = Debug|Any CPU
		Release|Any CPU = Release|Any CPU
	EndGlobalSection
	GlobalSection(ProjectConfigurationPlatforms) = postSolution
		{F66E8461-FB98-4B27-A5B5-E8B08F0DA3B9}.Debug|Any CPU.ActiveCfg = Debug|Any CPU
		{F66E8461-FB98-4B27-A5B5-E8B08F0DA3B9}.Debug|Any CPU.Build.0 = Debug|Any CPU
		{F66E8461-FB98-4B27-A5B5-E8B08F0DA3B9}.Release|Any CPU.ActiveCfg = Release|Any CPU
		{F66E8461-FB98-4B27-A5B5-E8B08F0DA3B9}.Release|Any CPU.Build.0 = Release|Any CPU
	EndGlobalSection
	GlobalSection(SolutionProperties) = preSolution
		HideSolutionNode = FALSE
	EndGlobalSection
EndGlobal
